// !$*UTF8*$!
{
	archiveVersion = 1;
	classes = {
	};
	objectVersion = 56;
	objects = {

/* Begin PBXBuildFile section */
		7B976E612B1298BA0095F6BD /* EventWizardView.swift in Sources */ = {isa = PBXBuildFile; fileRef = 7B976E602B1298BA0095F6BD /* EventWizardView.swift */; };
		7BF1288F2B1286BF00791615 /* Networking.swift in Sources */ = {isa = PBXBuildFile; fileRef = 7BF1288E2B1286BF00791615 /* Networking.swift */; };
		B3540B2C2B128C2D00D7FBE6 /* ChartView.swift in Sources */ = {isa = PBXBuildFile; fileRef = B3540B2B2B128C2D00D7FBE6 /* ChartView.swift */; };
		B3540B2E2B12A8FF00D7FBE6 /* Array+.swift in Sources */ = {isa = PBXBuildFile; fileRef = B3540B2D2B12A8FF00D7FBE6 /* Array+.swift */; };
		B39A037E2B123E4E00EB8A36 /* SwiftCareApp.swift in Sources */ = {isa = PBXBuildFile; fileRef = B39A037D2B123E4E00EB8A36 /* SwiftCareApp.swift */; };
		B39A03802B123E4E00EB8A36 /* ContentView.swift in Sources */ = {isa = PBXBuildFile; fileRef = B39A037F2B123E4E00EB8A36 /* ContentView.swift */; };
		B39A03822B123E5000EB8A36 /* Assets.xcassets in Resources */ = {isa = PBXBuildFile; fileRef = B39A03812B123E5000EB8A36 /* Assets.xcassets */; };
		B39A03852B123E5000EB8A36 /* Preview Assets.xcassets in Resources */ = {isa = PBXBuildFile; fileRef = B39A03842B123E5000EB8A36 /* Preview Assets.xcassets */; };
		B3A325BB2B12DF2800BCDF8F /* MonthDataSet.swift in Sources */ = {isa = PBXBuildFile; fileRef = B3A325BA2B12DF2800BCDF8F /* MonthDataSet.swift */; };
		B3A325BD2B12F48E00BCDF8F /* AppointmentsStore.swift in Sources */ = {isa = PBXBuildFile; fileRef = B3A325BC2B12F48E00BCDF8F /* AppointmentsStore.swift */; };
		B3A325BF2B12FA1300BCDF8F /* WellKnownConstants.swift in Sources */ = {isa = PBXBuildFile; fileRef = B3A325BE2B12FA1300BCDF8F /* WellKnownConstants.swift */; };
/* End PBXBuildFile section */

/* Begin PBXFileReference section */
		7B976E602B1298BA0095F6BD /* EventWizardView.swift */ = {isa = PBXFileReference; lastKnownFileType = sourcecode.swift; path = EventWizardView.swift; sourceTree = "<group>"; };
		7BF1288E2B1286BF00791615 /* Networking.swift */ = {isa = PBXFileReference; lastKnownFileType = sourcecode.swift; path = Networking.swift; sourceTree = "<group>"; };
		B3540B2B2B128C2D00D7FBE6 /* ChartView.swift */ = {isa = PBXFileReference; lastKnownFileType = sourcecode.swift; path = ChartView.swift; sourceTree = "<group>"; };
		B3540B2D2B12A8FF00D7FBE6 /* Array+.swift */ = {isa = PBXFileReference; lastKnownFileType = sourcecode.swift; path = "Array+.swift"; sourceTree = "<group>"; };
		B39A037A2B123E4E00EB8A36 /* SwiftCare.app */ = {isa = PBXFileReference; explicitFileType = wrapper.application; includeInIndex = 0; path = SwiftCare.app; sourceTree = BUILT_PRODUCTS_DIR; };
		B39A037D2B123E4E00EB8A36 /* SwiftCareApp.swift */ = {isa = PBXFileReference; lastKnownFileType = sourcecode.swift; path = SwiftCareApp.swift; sourceTree = "<group>"; };
		B39A037F2B123E4E00EB8A36 /* ContentView.swift */ = {isa = PBXFileReference; lastKnownFileType = sourcecode.swift; path = ContentView.swift; sourceTree = "<group>"; };
		B39A03812B123E5000EB8A36 /* Assets.xcassets */ = {isa = PBXFileReference; lastKnownFileType = folder.assetcatalog; path = Assets.xcassets; sourceTree = "<group>"; };
		B39A03842B123E5000EB8A36 /* Preview Assets.xcassets */ = {isa = PBXFileReference; lastKnownFileType = folder.assetcatalog; path = "Preview Assets.xcassets"; sourceTree = "<group>"; };
		B3A325BA2B12DF2800BCDF8F /* MonthDataSet.swift */ = {isa = PBXFileReference; lastKnownFileType = sourcecode.swift; path = MonthDataSet.swift; sourceTree = "<group>"; };
		B3A325BC2B12F48E00BCDF8F /* AppointmentsStore.swift */ = {isa = PBXFileReference; lastKnownFileType = sourcecode.swift; path = AppointmentsStore.swift; sourceTree = "<group>"; };
		B3A325BE2B12FA1300BCDF8F /* WellKnownConstants.swift */ = {isa = PBXFileReference; lastKnownFileType = sourcecode.swift; path = WellKnownConstants.swift; sourceTree = "<group>"; };
/* End PBXFileReference section */

/* Begin PBXFrameworksBuildPhase section */
		B39A03772B123E4E00EB8A36 /* Frameworks */ = {
			isa = PBXFrameworksBuildPhase;
			buildActionMask = 2147483647;
			files = (
			);
			runOnlyForDeploymentPostprocessing = 0;
		};
/* End PBXFrameworksBuildPhase section */

/* Begin PBXGroup section */
		B39A03712B123E4E00EB8A36 = {
			isa = PBXGroup;
			children = (
				B39A037C2B123E4E00EB8A36 /* SwiftCare */,
				B39A037B2B123E4E00EB8A36 /* Products */,
			);
			sourceTree = "<group>";
		};
		B39A037B2B123E4E00EB8A36 /* Products */ = {
			isa = PBXGroup;
			children = (
				B39A037A2B123E4E00EB8A36 /* SwiftCare.app */,
			);
			name = Products;
			sourceTree = "<group>";
		};
		B39A037C2B123E4E00EB8A36 /* SwiftCare */ = {
			isa = PBXGroup;
			children = (
				B3A325B92B12DF2000BCDF8F /* Entities */,
				B39A037D2B123E4E00EB8A36 /* SwiftCareApp.swift */,
				B3A325BC2B12F48E00BCDF8F /* AppointmentsStore.swift */,
				B39A037F2B123E4E00EB8A36 /* ContentView.swift */,
				B3540B2B2B128C2D00D7FBE6 /* ChartView.swift */,
				7B976E602B1298BA0095F6BD /* EventWizardView.swift */,
				B39A03812B123E5000EB8A36 /* Assets.xcassets */,
				B39A03832B123E5000EB8A36 /* Preview Content */,
				7BF1288E2B1286BF00791615 /* Networking.swift */,
				B3540B2D2B12A8FF00D7FBE6 /* Array+.swift */,
				B3A325BE2B12FA1300BCDF8F /* WellKnownConstants.swift */,
			);
			path = SwiftCare;
			sourceTree = "<group>";
		};
		B39A03832B123E5000EB8A36 /* Preview Content */ = {
			isa = PBXGroup;
			children = (
				B39A03842B123E5000EB8A36 /* Preview Assets.xcassets */,
			);
			path = "Preview Content";
			sourceTree = "<group>";
		};
		B3A325B92B12DF2000BCDF8F /* Entities */ = {
			isa = PBXGroup;
			children = (
				B3A325BA2B12DF2800BCDF8F /* MonthDataSet.swift */,
			);
			path = Entities;
			sourceTree = "<group>";
		};
/* End PBXGroup section */

/* Begin PBXNativeTarget section */
		B39A03792B123E4E00EB8A36 /* SwiftCare */ = {
			isa = PBXNativeTarget;
			buildConfigurationList = B39A03882B123E5000EB8A36 /* Build configuration list for PBXNativeTarget "SwiftCare" */;
			buildPhases = (
				B39A03762B123E4E00EB8A36 /* Sources */,
				B39A03772B123E4E00EB8A36 /* Frameworks */,
				B39A03782B123E4E00EB8A36 /* Resources */,
			);
			buildRules = (
			);
			dependencies = (
			);
			name = SwiftCare;
			productName = SwiftCare;
			productReference = B39A037A2B123E4E00EB8A36 /* SwiftCare.app */;
			productType = "com.apple.product-type.application";
		};
/* End PBXNativeTarget section */

/* Begin PBXProject section */
		B39A03722B123E4E00EB8A36 /* Project object */ = {
			isa = PBXProject;
			attributes = {
				BuildIndependentTargetsInParallel = 1;
				LastSwiftUpdateCheck = 1430;
				LastUpgradeCheck = 1430;
				TargetAttributes = {
					B39A03792B123E4E00EB8A36 = {
						CreatedOnToolsVersion = 14.3.1;
					};
				};
			};
			buildConfigurationList = B39A03752B123E4E00EB8A36 /* Build configuration list for PBXProject "SwiftCare" */;
			compatibilityVersion = "Xcode 14.0";
			developmentRegion = en;
			hasScannedForEncodings = 0;
			knownRegions = (
				en,
				Base,
			);
			mainGroup = B39A03712B123E4E00EB8A36;
			productRefGroup = B39A037B2B123E4E00EB8A36 /* Products */;
			projectDirPath = "";
			projectRoot = "";
			targets = (
				B39A03792B123E4E00EB8A36 /* SwiftCare */,
			);
		};
/* End PBXProject section */

/* Begin PBXResourcesBuildPhase section */
		B39A03782B123E4E00EB8A36 /* Resources */ = {
			isa = PBXResourcesBuildPhase;
			buildActionMask = 2147483647;
			files = (
				B39A03852B123E5000EB8A36 /* Preview Assets.xcassets in Resources */,
				B39A03822B123E5000EB8A36 /* Assets.xcassets in Resources */,
			);
			runOnlyForDeploymentPostprocessing = 0;
		};
/* End PBXResourcesBuildPhase section */

/* Begin PBXSourcesBuildPhase section */
		B39A03762B123E4E00EB8A36 /* Sources */ = {
			isa = PBXSourcesBuildPhase;
			buildActionMask = 2147483647;
			files = (
				7BF1288F2B1286BF00791615 /* Networking.swift in Sources */,
				B3A325BD2B12F48E00BCDF8F /* AppointmentsStore.swift in Sources */,
				B39A03802B123E4E00EB8A36 /* ContentView.swift in Sources */,
				B39A037E2B123E4E00EB8A36 /* SwiftCareApp.swift in Sources */,
				B3540B2C2B128C2D00D7FBE6 /* ChartView.swift in Sources */,
				B3A325BF2B12FA1300BCDF8F /* WellKnownConstants.swift in Sources */,
				B3A325BB2B12DF2800BCDF8F /* MonthDataSet.swift in Sources */,
				7B976E612B1298BA0095F6BD /* EventWizardView.swift in Sources */,
				B3540B2E2B12A8FF00D7FBE6 /* Array+.swift in Sources */,
			);
			runOnlyForDeploymentPostprocessing = 0;
		};
/* End PBXSourcesBuildPhase section */

/* Begin XCBuildConfiguration section */
		B39A03862B123E5000EB8A36 /* Debug */ = {
			isa = XCBuildConfiguration;
			buildSettings = {
				ALWAYS_SEARCH_USER_PATHS = NO;
				CLANG_ANALYZER_NONNULL = YES;
				CLANG_ANALYZER_NUMBER_OBJECT_CONVERSION = YES_AGGRESSIVE;
				CLANG_CXX_LANGUAGE_STANDARD = "gnu++20";
				CLANG_ENABLE_MODULES = YES;
				CLANG_ENABLE_OBJC_ARC = YES;
				CLANG_ENABLE_OBJC_WEAK = YES;
				CLANG_WARN_BLOCK_CAPTURE_AUTORELEASING = YES;
				CLANG_WARN_BOOL_CONVERSION = YES;
				CLANG_WARN_COMMA = YES;
				CLANG_WARN_CONSTANT_CONVERSION = YES;
				CLANG_WARN_DEPRECATED_OBJC_IMPLEMENTATIONS = YES;
				CLANG_WARN_DIRECT_OBJC_ISA_USAGE = YES_ERROR;
				CLANG_WARN_DOCUMENTATION_COMMENTS = YES;
				CLANG_WARN_EMPTY_BODY = YES;
				CLANG_WARN_ENUM_CONVERSION = YES;
				CLANG_WARN_INFINITE_RECURSION = YES;
				CLANG_WARN_INT_CONVERSION = YES;
				CLANG_WARN_NON_LITERAL_NULL_CONVERSION = YES;
				CLANG_WARN_OBJC_IMPLICIT_RETAIN_SELF = YES;
				CLANG_WARN_OBJC_LITERAL_CONVERSION = YES;
				CLANG_WARN_OBJC_ROOT_CLASS = YES_ERROR;
				CLANG_WARN_QUOTED_INCLUDE_IN_FRAMEWORK_HEADER = YES;
				CLANG_WARN_RANGE_LOOP_ANALYSIS = YES;
				CLANG_WARN_STRICT_PROTOTYPES = YES;
				CLANG_WARN_SUSPICIOUS_MOVE = YES;
				CLANG_WARN_UNGUARDED_AVAILABILITY = YES_AGGRESSIVE;
				CLANG_WARN_UNREACHABLE_CODE = YES;
				CLANG_WARN__DUPLICATE_METHOD_MATCH = YES;
				COPY_PHASE_STRIP = NO;
				DEBUG_INFORMATION_FORMAT = dwarf;
				ENABLE_STRICT_OBJC_MSGSEND = YES;
				ENABLE_TESTABILITY = YES;
				GCC_C_LANGUAGE_STANDARD = gnu11;
				GCC_DYNAMIC_NO_PIC = NO;
				GCC_NO_COMMON_BLOCKS = YES;
				GCC_OPTIMIZATION_LEVEL = 0;
				GCC_PREPROCESSOR_DEFINITIONS = (
					"DEBUG=1",
					"$(inherited)",
				);
				GCC_WARN_64_TO_32_BIT_CONVERSION = YES;
				GCC_WARN_ABOUT_RETURN_TYPE = YES_ERROR;
				GCC_WARN_UNDECLARED_SELECTOR = YES;
				GCC_WARN_UNINITIALIZED_AUTOS = YES_AGGRESSIVE;
				GCC_WARN_UNUSED_FUNCTION = YES;
				GCC_WARN_UNUSED_VARIABLE = YES;
				IPHONEOS_DEPLOYMENT_TARGET = 16.4;
				MTL_ENABLE_DEBUG_INFO = INCLUDE_SOURCE;
				MTL_FAST_MATH = YES;
				ONLY_ACTIVE_ARCH = YES;
				SDKROOT = iphoneos;
				SWIFT_ACTIVE_COMPILATION_CONDITIONS = DEBUG;
				SWIFT_OPTIMIZATION_LEVEL = "-Onone";
			};
			name = Debug;
		};
		B39A03872B123E5000EB8A36 /* Release */ = {
			isa = XCBuildConfiguration;
			buildSettings = {
				ALWAYS_SEARCH_USER_PATHS = NO;
				CLANG_ANALYZER_NONNULL = YES;
				CLANG_ANALYZER_NUMBER_OBJECT_CONVERSION = YES_AGGRESSIVE;
				CLANG_CXX_LANGUAGE_STANDARD = "gnu++20";
				CLANG_ENABLE_MODULES = YES;
				CLANG_ENABLE_OBJC_ARC = YES;
				CLANG_ENABLE_OBJC_WEAK = YES;
				CLANG_WARN_BLOCK_CAPTURE_AUTORELEASING = YES;
				CLANG_WARN_BOOL_CONVERSION = YES;
				CLANG_WARN_COMMA = YES;
				CLANG_WARN_CONSTANT_CONVERSION = YES;
				CLANG_WARN_DEPRECATED_OBJC_IMPLEMENTATIONS = YES;
				CLANG_WARN_DIRECT_OBJC_ISA_USAGE = YES_ERROR;
				CLANG_WARN_DOCUMENTATION_COMMENTS = YES;
				CLANG_WARN_EMPTY_BODY = YES;
				CLANG_WARN_ENUM_CONVERSION = YES;
				CLANG_WARN_INFINITE_RECURSION = YES;
				CLANG_WARN_INT_CONVERSION = YES;
				CLANG_WARN_NON_LITERAL_NULL_CONVERSION = YES;
				CLANG_WARN_OBJC_IMPLICIT_RETAIN_SELF = YES;
				CLANG_WARN_OBJC_LITERAL_CONVERSION = YES;
				CLANG_WARN_OBJC_ROOT_CLASS = YES_ERROR;
				CLANG_WARN_QUOTED_INCLUDE_IN_FRAMEWORK_HEADER = YES;
				CLANG_WARN_RANGE_LOOP_ANALYSIS = YES;
				CLANG_WARN_STRICT_PROTOTYPES = YES;
				CLANG_WARN_SUSPICIOUS_MOVE = YES;
				CLANG_WARN_UNGUARDED_AVAILABILITY = YES_AGGRESSIVE;
				CLANG_WARN_UNREACHABLE_CODE = YES;
				CLANG_WARN__DUPLICATE_METHOD_MATCH = YES;
				COPY_PHASE_STRIP = NO;
				DEBUG_INFORMATION_FORMAT = "dwarf-with-dsym";
				ENABLE_NS_ASSERTIONS = NO;
				ENABLE_STRICT_OBJC_MSGSEND = YES;
				GCC_C_LANGUAGE_STANDARD = gnu11;
				GCC_NO_COMMON_BLOCKS = YES;
				GCC_WARN_64_TO_32_BIT_CONVERSION = YES;
				GCC_WARN_ABOUT_RETURN_TYPE = YES_ERROR;
				GCC_WARN_UNDECLARED_SELECTOR = YES;
				GCC_WARN_UNINITIALIZED_AUTOS = YES_AGGRESSIVE;
				GCC_WARN_UNUSED_FUNCTION = YES;
				GCC_WARN_UNUSED_VARIABLE = YES;
				IPHONEOS_DEPLOYMENT_TARGET = 16.4;
				MTL_ENABLE_DEBUG_INFO = NO;
				MTL_FAST_MATH = YES;
				SDKROOT = iphoneos;
				SWIFT_COMPILATION_MODE = wholemodule;
				SWIFT_OPTIMIZATION_LEVEL = "-O";
				VALIDATE_PRODUCT = YES;
			};
			name = Release;
		};
		B39A03892B123E5000EB8A36 /* Debug */ = {
			isa = XCBuildConfiguration;
			buildSettings = {
				ASSETCATALOG_COMPILER_APPICON_NAME = AppIcon;
				ASSETCATALOG_COMPILER_GLOBAL_ACCENT_COLOR_NAME = AccentColor;
				CODE_SIGN_STYLE = Automatic;
				CURRENT_PROJECT_VERSION = 1;
				DEVELOPMENT_ASSET_PATHS = "\"SwiftCare/Preview Content\"";
				DEVELOPMENT_TEAM = 46G92N6X3Y;
				ENABLE_PREVIEWS = YES;
				GENERATE_INFOPLIST_FILE = YES;
				INFOPLIST_KEY_UIApplicationSceneManifest_Generation = YES;
				INFOPLIST_KEY_UIApplicationSupportsIndirectInputEvents = YES;
				INFOPLIST_KEY_UILaunchScreen_Generation = YES;
				INFOPLIST_KEY_UISupportedInterfaceOrientations_iPad = "UIInterfaceOrientationPortrait UIInterfaceOrientationPortraitUpsideDown UIInterfaceOrientationLandscapeLeft UIInterfaceOrientationLandscapeRight";
				INFOPLIST_KEY_UISupportedInterfaceOrientations_iPhone = "UIInterfaceOrientationPortrait UIInterfaceOrientationLandscapeLeft UIInterfaceOrientationLandscapeRight";
				LD_RUNPATH_SEARCH_PATHS = (
					"$(inherited)",
					"@executable_path/Frameworks",
				);
				MARKETING_VERSION = 1.0;
				PRODUCT_BUNDLE_IDENTIFIER = com.junction.gg.SwiftCareApp;
				PRODUCT_NAME = "$(TARGET_NAME)";
				SWIFT_EMIT_LOC_STRINGS = YES;
				SWIFT_VERSION = 5.0;
				TARGETED_DEVICE_FAMILY = "1,2";
			};
			name = Debug;
		};
		B39A038A2B123E5000EB8A36 /* Release */ = {
			isa = XCBuildConfiguration;
			buildSettings = {
				ASSETCATALOG_COMPILER_APPICON_NAME = AppIcon;
				ASSETCATALOG_COMPILER_GLOBAL_ACCENT_COLOR_NAME = AccentColor;
				CODE_SIGN_STYLE = Automatic;
				CURRENT_PROJECT_VERSION = 1;
				DEVELOPMENT_ASSET_PATHS = "\"SwiftCare/Preview Content\"";
				DEVELOPMENT_TEAM = 46G92N6X3Y;
				ENABLE_PREVIEWS = YES;
				GENERATE_INFOPLIST_FILE = YES;
				INFOPLIST_KEY_UIApplicationSceneManifest_Generation = YES;
				INFOPLIST_KEY_UIApplicationSupportsIndirectInputEvents = YES;
				INFOPLIST_KEY_UILaunchScreen_Generation = YES;
				INFOPLIST_KEY_UISupportedInterfaceOrientations_iPad = "UIInterfaceOrientationPortrait UIInterfaceOrientationPortraitUpsideDown UIInterfaceOrientationLandscapeLeft UIInterfaceOrientationLandscapeRight";
				INFOPLIST_KEY_UISupportedInterfaceOrientations_iPhone = "UIInterfaceOrientationPortrait UIInterfaceOrientationLandscapeLeft UIInterfaceOrientationLandscapeRight";
				LD_RUNPATH_SEARCH_PATHS = (
					"$(inherited)",
					"@executable_path/Frameworks",
				);
				MARKETING_VERSION = 1.0;
				PRODUCT_BUNDLE_IDENTIFIER = com.junction.gg.SwiftCareApp;
				PRODUCT_NAME = "$(TARGET_NAME)";
				SWIFT_EMIT_LOC_STRINGS = YES;
				SWIFT_VERSION = 5.0;
				TARGETED_DEVICE_FAMILY = "1,2";
			};
			name = Release;
		};
/* End XCBuildConfiguration section */

/* Begin XCConfigurationList section */
		B39A03752B123E4E00EB8A36 /* Build configuration list for PBXProject "SwiftCare" */ = {
			isa = XCConfigurationList;
			buildConfigurations = (
				B39A03862B123E5000EB8A36 /* Debug */,
				B39A03872B123E5000EB8A36 /* Release */,
			);
			defaultConfigurationIsVisible = 0;
			defaultConfigurationName = Release;
		};
		B39A03882B123E5000EB8A36 /* Build configuration list for PBXNativeTarget "SwiftCare" */ = {
			isa = XCConfigurationList;
			buildConfigurations = (
				B39A03892B123E5000EB8A36 /* Debug */,
				B39A038A2B123E5000EB8A36 /* Release */,
			);
			defaultConfigurationIsVisible = 0;
			defaultConfigurationName = Release;
		};
/* End XCConfigurationList section */
	};
	rootObject = B39A03722B123E4E00EB8A36 /* Project object */;
}
